activity_id: concept_word_echo_remember
version: 1
source_entity_exemplar: spoken_word_or_familiar_object
template_type: cat1
pillar: Performance
game_style: voice_stage
entity: '{runtime_entity}'
entity_class: []
entity_binding: parameterized
tier_range:
  primary: T0
  span:
  - T0
  - T1
  elasticity: neighbor
category: category_1
attributes:
- echo_word_pattern
- pattern
key_concepts:
- Form
- Connection
related_concepts:
- sound_pattern
- word
- echo
- memory
atl_skills:
- language_expression
- focus
- pattern_recognition
transdisciplinary_theme: How_We_Express_Ourselves
subject_tags:
- language
kud:
  know:
  - A word can be repeated as a single word or doubled echo
  - echo_word_pattern is the focus of the activity
  understand:
  - Form helps children keep the word shape steady
  - Connection helps children link cup and cup-cup into one echo ladder
  do:
  - listen to a word or phrase
  - repeat the echo from memory
  - build a two-step word ladder
progression:
  topic_axis: form
  difficulty_level: 1
  next_step_hint: Try one new answer or explain the reason in more detail next time.
  reward_hook: Earned the Echo Word Keeper badge
caregiver_role:
- scaffold
- co-explorer
activity_signature:
  observation_angle: pattern
  mechanic: remember
  entity_role: catalyst
  bridge_prerequisites:
    primary:
    - pattern
    secondary:
    - form
    - remember
  focal_attribute: echo_word_pattern
  intro: The child practices remember through Echo Word Stage.
  preview_label: Echo Word Stage
  preview_prompt: Ready to be the Echo Word Keeper?
  role_pivot_note: The runtime entity starts the activity but the package remains concept-led and parameterized.
matchability:
  entity_class_filter: []
  tier_support:
    T0: true
    T1: true
    T2: false
