activity_id: concept_body_movement_probe
version: 1
source_entity_exemplar: '{runtime_entity}'
template_type: cat1
pillar: Performance
game_style: voice_stage
entity: '{runtime_entity_or_mode_topic}'
entity_class: []
entity_binding: agnostic
tier_range:
  primary: T0
  span:
  - T0
  elasticity: primary only
category: simple_body_movement_guide
attributes:
- body_movement
- function
key_concepts:
- Form
- Perspective
related_concepts:
- evidence
- choice
- progress
- reflection
atl_skills:
- language_expression
- focus
- collaboration
transdisciplinary_theme: How_We_Express_Ourselves
subject_tags:
- language
- thinking
kud:
  know:
  - one safe action or visible cue can guide the next activity step
  - progress can be represented as a small sequence of choices or actions
  understand:
  - Form helps focus attention
  - Perspective connects the child's action to the final result
  do:
  - complete two safe movement rounds
  - explain one reason or observation
  - reflect on the final result
progression:
  topic_axis: perspective
  difficulty_level: 2
  next_step_hint: Repeat the same mechanic with a new theme, property, or approved asset set.
  reward_hook: Earned the Simple Body Movement Guide badge
caregiver_role:
- observer
- co-explorer
activity_signature:
  observation_angle: function
  mechanic: motion_voice
  entity_role: catalyst
  focal_attribute: body_movement
  intro: The child completes two safe movement turns for Simple Body Movement Guide and reflects on the result.
  bridge_prerequisites:
    primary:
    - function
    secondary:
    - function
    - state
  preview_label: Simple Body Movement Guide
  preview_prompt: Try Simple Body Movement Guide with one small choice at a time.
  role_pivot_note: The runtime entity or mode topic launches a reusable source-concept activity; no entity-specific factual
    claim is required.
matchability:
  entity_class_filter: []
  tier_support:
    T0: true
    T1: false
    T2: false
