activity_id: concept_little_poem_build
version: 1
source_entity_exemplar: poem_topic_or_photo
template_type: cat1
pillar: Creation
game_style: inventor_workshop
entity: '{runtime_entity}'
entity_class: []
entity_binding: parameterized
tier_range:
  primary: T1
  span:
  - T1
  - T2
  elasticity: '+1'
category: category_1
attributes:
- poem_ingredient_stack
- emotion
key_concepts:
- Connection
- Perspective
related_concepts:
- poem
- word
- image
- feeling
atl_skills:
- creative_thinking
- language_expression
- imagination
transdisciplinary_theme: How_We_Express_Ourselves
subject_tags:
- language
- arts
kud:
  know:
  - Tiny Poem Workshop has a simple three-round structure
  - poem_ingredient_stack is the focus of the activity
  understand:
  - Connection helps children notice the important evidence
  - Perspective helps children connect their response to the result
  do:
  - practice build in three short rounds
  - explain or repeat one answer
  - notice the final payoff
progression:
  topic_axis: connection
  difficulty_level: 2
  next_step_hint: Try one new answer or explain the reason in more detail next time.
  reward_hook: Earned the Tiny Poet Builder badge
caregiver_role:
- scaffold
- co-explorer
activity_signature:
  observation_angle: emotion
  mechanic: build
  entity_role: reference
  bridge_prerequisites:
    primary:
    - emotion
    secondary:
    - connection
    - build
  focal_attribute: poem_ingredient_stack
  intro: The child practices build through Tiny Poem Workshop.
  preview_label: Tiny Poem Workshop
  preview_prompt: Ready to be the Tiny Poet Builder?
  role_pivot_note: The runtime entity starts the activity but the package remains concept-led and parameterized.
matchability:
  entity_class_filter: []
  tier_support:
    T0: false
    T1: true
    T2: true
