activity_id: concept_how_many_guess_enumerate_r20260511_233559
version: 1
source_entity_exemplar: countable_object_set
template_type: cat1
pillar: Discovery
game_style: prediction_lab
entity: '{runtime_entity}'
entity_class: []
entity_binding: parameterized
tier_range:
  primary: T1
  span:
  - T0
  - T1
  - T2
  elasticity: neighbor
category: category_1
attributes:
- estimate_then_count
- quantity
key_concepts:
- Form
- Connection
related_concepts:
- estimate
- count
- check
- quantity
atl_skills:
- counting
- quantity_comparison
- focus
transdisciplinary_theme: How_The_World_Works
subject_tags:
- math
kud:
  know:
  - Guess Then Count has a simple three-round structure
  - estimate_then_count is the focus of the activity
  understand:
  - Form helps children notice the important evidence
  - Connection helps children connect their response to the result
  do:
  - practice enumerate in three short rounds
  - explain or repeat one answer
  - notice the final payoff
progression:
  topic_axis: form
  difficulty_level: 2
  next_step_hint: Try one new answer or explain the reason in more detail next time.
  reward_hook: Earned the Careful Counter badge
caregiver_role:
- scaffold
- co-explorer
activity_signature:
  observation_angle: quantity
  mechanic: enumerate
  entity_role: reference
  bridge_prerequisites:
    primary:
    - quantity
    secondary:
    - form
    - enumerate
  focal_attribute: estimate_then_count
  intro: The child practices enumerate through Guess Then Count.
  preview_label: Guess Then Count
  preview_prompt: Ready to be the Careful Counter?
  role_pivot_note: The runtime entity starts the activity but the package remains
    concept-led and parameterized.
matchability:
  entity_class_filter: []
  tier_support:
    T0: true
    T1: true
    T2: true
