activity_id: concept_plant_parts_enumerate
version: 1
template_type: cat5
pillar: Discovery
game_style: field_experiment
entity: workbook_source_concept
entity_class:
- activity_concept
entity_binding: parameterized
tier_range:
  primary: T1
  span:
  - T0
  - T1
  elasticity: Can simplify language and reduce rounds for younger children.
category: cat5
attributes:
- plant_parts_explorer
- enumerate
key_concepts:
- Form
related_concepts:
- evidence
- choice
- sequence
- reflection
atl_skills:
- counting
- observation
- language_expression
transdisciplinary_theme: How We Express Ourselves
kud:
  know:
  - The child knows the activity rule and one source-specific cue.
  understand:
  - The child understands that their action affects the next beat.
  do:
  - The child practices enumerate through short guided turns.
progression:
  topic_axis: form
  difficulty_level: 2
  next_step_hint: Repeat with a new topic while preserving the same mechanic.
  reward_hook: Saved turns reveal a source-specific payoff.
caregiver_role:
- scaffold
- observer
activity_signature:
  observation_angle: quantity
  mechanic: enumerate
  entity_role: exemplar
  focal_attribute: plant_parts_explorer
  intro: The child looks at a plant and identifies visible parts such as leaf, stem,
    flower, fruit, seed, or root.
  bridge_prerequisites:
    primary:
    - quantity
    secondary:
    - function
    - state
  preview_label: Plant Parts Explorer
  preview_prompt: Try Plant Parts Explorer with one short guided round.
  role_pivot_note: The workbook concept supplies the play frame; a photographed object
    may only act as a catalyst.
matchability:
  entity_class_filter: []
  tier_support:
    T0: true
    T1: true
    T2: true
source_workbook_row: 15
source_concept: source_plant_parts_explorer
