activity_id: concept_constellation_star_count_enumerate
version: 1
source_entity_exemplar: approved_constellation_card
template_type: cat1
pillar: Discovery
game_style: field_experiment
entity: '{runtime_entity}'
entity_class: []
entity_binding: parameterized
entity_compatibility: source_bound
tier_range:
  primary: T1
  span:
  - T0
  - T1
  - T2
  elasticity: neighbor
category: category_1
attributes:
- selected_star_count
- constellation_name
- quantity
key_concepts:
- Form
- Connection
related_concepts:
- count
- constellation
- pattern
- evidence
atl_skills:
- number choice
- observation
- listening
transdisciplinary_theme: How_The_World_Works
subject_tags:
- math
- science
kud:
  know:
  - An approved constellation card can have a name and visible guide-star count
  - selected_star_count is the focus of the activity
  understand:
  - Form helps children notice the approved constellation card's star pattern
  - Connection helps children link a chosen number, constellation name, and background clue
  do:
  - choose between two star-count numbers
  - reveal a matching approved constellation card
  - repeat the selected number, constellation name, or one background clue
progression:
  topic_axis: form
  difficulty_level: 2
  next_step_hint: Try a new star number and remember one constellation clue next time.
  reward_hook: Earned the Constellation Number Scout badge
caregiver_role:
- scaffold
- co-explorer
activity_signature:
  observation_angle: quantity
  mechanic: enumerate
  entity_role: reference
  bridge_prerequisites:
    primary:
    - quantity
    secondary:
    - form
    - enumerate
  focal_attribute: selected_star_count
  intro: The child practices enumerate through Constellation Number Reveal.
  preview_label: Constellation Number Reveal
  preview_prompt: Ready to pick a star number and reveal a constellation?
  role_pivot_note: The runtime entity starts the activity but the package remains
    concept-led and parameterized.
matchability:
  entity_class_filter: []
  tier_support:
    T0: true
    T1: true
    T2: true
