activity_id: concept_branching_story_decide
version: 1
source_entity_exemplar: toy_turtle
template_type: cat1
pillar: Adventure
game_style: time_traveler
entity: '{story_starter_object}'
entity_class: []
entity_binding: parameterized
tier_range:
  primary: T1
  span:
  - T1
  - T2
  elasticity: '+1'
category: story
attributes:
- choice_points
- story_path
- imagined_behavior
key_concepts:
- Perspective
- Causation
related_concepts:
- choice
- consequence
- imagination
- story_path
atl_skills:
- language_expression
- logical_reasoning
- creative_thinking
transdisciplinary_theme: How_We_Express_Ourselves
subject_tags:
- language
- social_emotional
kud:
  know:
  - stories can include choice points
  - a path is the order of choices made
  - choices can change what happens next
  understand:
  - Perspective helps us choose what a character might do
  - Causation helps us see how a choice leads to a result
  do:
  - choose between two story options
  - explain a simple reason for a choice
  - retell the story path from three choices
progression:
  topic_axis: perspective
  difficulty_level: 2
  next_step_hint: Next time, explain why the hero should choose one path over another.
  reward_hook: Earned the Story Path Chooser badge
caregiver_role:
- scaffold
- co-explorer
activity_signature:
  observation_angle: behavior
  mechanic: decide
  entity_role: catalyst
  bridge_prerequisites:
    primary:
    - behavior
    - emotion
    secondary:
    - imagination
    - story
  focal_attribute: story_choice_path
  intro: The child makes three story choices and watches the path change.
  preview_label: Choose the story path
  preview_prompt: This object can start a story. Which path should the hero choose?
  role_pivot_note: The photographed object is a catalyst for pretend story choices, not a factual subject.
matchability:
  entity_class_filter: []
  tier_support:
    T0: false
    T1: true
    T2: true
