activity_id: concept_emotion_reader_care
version: 1
template_type: cat1
pillar: Nurture
game_style: care_station
entity: workbook_source_concept
entity_class:
- activity_concept
entity_binding: agnostic
tier_range:
  primary: T1
  span:
  - T0
  - T1
  elasticity: Can simplify language and reduce rounds for younger children.
category: cat1
attributes:
- emotion_reader
- care
key_concepts:
- Form
- Responsibility
related_concepts:
- evidence
- choice
- sequence
- reflection
atl_skills:
- empathy
- observation
- language_expression
transdisciplinary_theme: How We Express Ourselves
kud:
  know:
  - The child knows the activity rule and one source-specific cue.
  understand:
  - The child understands that their action affects the next beat.
  do:
  - The child practices care through short guided turns.
progression:
  topic_axis: responsibility
  difficulty_level: 2
  next_step_hint: Repeat with a new topic while preserving the same mechanic.
  reward_hook: Saved turns reveal a source-specific payoff.
caregiver_role:
- observer
activity_signature:
  observation_angle: emotion
  mechanic: care
  entity_role: catalyst
  focal_attribute: emotion_reader
  intro: The child reads the feeling shown in each picture, then reflects on a
    caring response after the feeling is named.
  bridge_prerequisites:
    primary:
    - emotion
    secondary:
    - function
    - state
  preview_label: Emotion Reader
  preview_prompt: Try Emotion Reader with one short guided round.
  role_pivot_note: The workbook concept supplies the play frame; a photographed object
    may only act as a catalyst.
matchability:
  entity_class_filter: []
  tier_support:
    T0: true
    T1: true
    T2: true
source_workbook_row: 12
source_concept: source_emotion_reader
response_verification:
  mode: cat1_transcript_active_cue
  speaker_dialogue_mode: bounded_package
  evidence_source: stt_transcript
  advance_requires: active_round_target_match
  dialogue_contract:
    type: emotion_inference
    prompt_fallback: What feeling do you see in this picture?
    retry_fallback: Look at the face and body. What feeling do you see?
    transitions:
      rules_to_first:
        intent: Move from the rule into the first picture with one natural feeling question.
        fallback: What feeling do you see in this picture?
        max_sentences: 2
        must_include: [first_picture_question]
        must_not_include: [target_answer, body_clue_label, internal_round_label]
      correct_to_next:
        intent: Acknowledge the child-named feeling briefly, save the turn, and ask for the next picture.
        fallback: You read that feeling. What feeling do you see in this next picture?
        max_sentences: 2
        must_include: [child_named_feeling_or_neutral_ack, next_picture_question]
        must_not_include: [hidden_next_answer, body_clue_label, internal_round_label]
      correct_to_finish:
        intent: Acknowledge the child-named feeling briefly and move to the saved-feelings board.
        fallback: You read that feeling. You read all three pictures.
        max_sentences: 2
        must_include: [child_named_feeling_or_neutral_ack, saved_feelings_board]
        must_not_include: [body_clue_label, internal_round_label]
      retry_wrong:
        intent: Keep the child on the same picture and ask them to look again for the feeling.
        fallback: Look again at the face and body. What feeling do you see?
        max_sentences: 2
        must_include: [same_picture_retry, feeling_question]
        must_not_include: [target_answer, body_clue_label, internal_round_label]
      idk_scaffold:
        intent: Give one light scaffold without revealing the answer, then ask for the feeling.
        fallback: Look at the face and body. What feeling might this person have?
        max_sentences: 2
        must_include: [look_at_face_and_body, feeling_question]
        must_not_include: [target_answer, body_clue_label, internal_round_label]
      off_topic_redirect:
        intent: Gently return to the current picture and ask for the feeling.
        fallback: Let's stay with this picture. What feeling do you see?
        max_sentences: 2
        must_include: [current_picture, feeling_question]
        must_not_include: [target_answer, body_clue_label, internal_round_label]
    pre_answer_forbidden_terms:
      - worried
      - nervous
      - scared
      - afraid
      - upset
      - sleepy
      - tired
      - worn out
      - sleeping
      - brave
      - proud
      - worried hands
      - sleepy shoulders
      - brave try
      - hands
      - shoulders
  rounds:
    - round_number: 1
      active_cue: picture 1
      target_result: worried or nervous
      accepted_feelings: [worried, nervous, scared, afraid, upset]
      success_direction: Acknowledge the just-named feeling briefly, then ask what feeling the child sees in the next picture. Do not name the next feeling or body clue.
      retry_direction: Ask the child to look again at the face and body and name the feeling. Do not name the target feeling or body clue.
    - round_number: 2
      active_cue: picture 2
      target_result: tired or sleepy
      accepted_feelings: [sleepy, tired, worn out, sleeping]
      success_direction: Acknowledge the just-named feeling briefly, then ask what feeling the child sees in the next picture. Do not name the next feeling or body clue.
      retry_direction: Ask the child to look again at the face and body and name the feeling. Do not name the target feeling or body clue.
    - round_number: 3
      active_cue: picture 3
      target_result: brave, nervous, unsure, or proud while trying
      accepted_feelings: [brave, nervous, unsure, proud]
      success_direction: Acknowledge the just-named feeling briefly and move to the saved-feelings board.
      retry_direction: Ask the child to look again at the face and body and name the feeling. Do not name the target feeling or body clue.
