activity_id: concept_would_you_rather_compare
version: 1
source_entity_exemplar: playful_choice_pair
template_type: cat1
pillar: Discovery
game_style: field_experiment
entity: '{runtime_entity}'
entity_class: []
entity_binding: parameterized
tier_range:
  primary: T1
  span:
  - T1
  - T2
  elasticity: '+1'
category: category_1
attributes:
- preference_tradeoff
- behavior
key_concepts:
- Perspective
- Connection
related_concepts:
- preference
- tradeoff
- reason
- contrast
atl_skills:
- language_expression
- perspective_taking
- logical_reasoning
transdisciplinary_theme: Who_We_Are
subject_tags:
- social_emotional
- language
kud:
  know:
  - Two-Choice Compare Chat has a simple three-round structure
  - preference_tradeoff is the focus of the activity
  understand:
  - Perspective helps children notice the important evidence
  - Connection helps children connect their response to the result
  do:
  - practice compare in three short rounds
  - explain or repeat one answer
  - notice the final payoff
progression:
  topic_axis: perspective
  difficulty_level: 2
  next_step_hint: Try one new answer or explain the reason in more detail next time.
  reward_hook: Earned the Choice Comparator badge
caregiver_role:
- scaffold
- co-explorer
activity_signature:
  observation_angle: behavior
  mechanic: compare
  entity_role: catalyst
  bridge_prerequisites:
    primary:
    - behavior
    secondary:
    - perspective
    - compare
  focal_attribute: preference_tradeoff
  intro: The child practices compare through Two-Choice Compare Chat.
  preview_label: Two-Choice Compare Chat
  preview_prompt: Ready to be the Choice Comparator?
  role_pivot_note: The runtime entity starts the activity but the package remains concept-led and parameterized.
matchability:
  entity_class_filter: []
  tier_support:
    T0: false
    T1: true
    T2: true
