activity_id: fluffy_expedition_dandelion
version: 1
source_entity_exemplar: dandelion
template_type: cat5
pillar: Adventure
game_style: quest_collector

entity: "{parameterized_by_matched_property}"
entity_class: []
entity_binding: parameterized
entity_compatibility: agnostic
tier_range:
  primary: T0
  span: [T0, T1]
  elasticity: "neighbor"

category: nature_objects
attributes: [fluffy, fuzzy, soft, texture]
key_concepts: [Connection, Form]
related_concepts: [texture, softness, sensory_observation, character_naming]
atl_skills: [observation, evidence_collection, language_expression, imagination]
transdisciplinary_theme: Sharing_The_Planet
subject_tags: [science, language, nature]

kud:
  know:
    - "dandelion seeds can look fluffy and light"
    - "softness can feel fuzzy, silky, puffy, or woolly"
    - "visible texture clues and spoken descriptions help compare soft-looking things"
  understand:
    - "Connection helps us notice how different things share one texture clue"
    - "Form helps us describe what each soft thing is like"
  do:
    - "choose three approved soft or fuzzy catalog cards"
    - "describe the visible texture clue on each card"
    - "give each selected card a character name and connect the friends in a tiny story"

progression:
  topic_axis: connection
  difficulty_level: 1
  next_step_hint: "Next time, compare soft textures with rough, smooth, or spiky textures."
  reward_hook: "Earned the Fluffy Expedition Explorer badge"

caregiver_role: [scaffold, co-explorer]

activity_signature:
  observation_angle: texture
  mechanic: collect
  entity_role: exemplar
  bridge_prerequisites:
    primary: [texture]
    secondary: [material, shape]
  focal_attribute: "fluffy_soft_texture"
  intro: "The child uses a dandelion as the first fluffy example, then chooses three soft or fuzzy catalog cards and names them as characters."
  preview_label: "Find three fluffy friends"
  preview_prompt: "This dandelion is fluffy. Let's choose more soft or fuzzy friends from the catalog."
  role_pivot_note: "The dandelion starts as the authored exemplar, then becomes the first example of the broader fluffy texture catalog mission."

matchability:
  entity_class_filter: []
  tier_support:
    T0: true
    T1: true
    T2: false
