activity_id: concept_award_certificate_probe
version: 1
template_type: cat3
pillar: Nurture
game_style: care_station
entity: workbook_source_concept
entity_class:
- activity_concept
entity_binding: agnostic
tier_range:
  primary: T1
  span:
  - T0
  - T1
  elasticity: Can simplify language and reduce rounds for younger children.
category: cat3
attributes:
- award_certificate
- care
key_concepts:
- Form
- Responsibility
related_concepts:
- evidence
- choice
- sequence
- reflection
atl_skills:
- empathy
- observation
- language_expression
transdisciplinary_theme: How We Express Ourselves
kud:
  know:
  - The child knows the activity rule and one source-specific cue.
  understand:
  - The child understands that their action affects the next beat.
  do:
  - The child practices care through short guided turns.
progression:
  topic_axis: responsibility
  difficulty_level: 2
  next_step_hint: Repeat with a new topic while preserving the same mechanic.
  reward_hook: Saved turns reveal a source-specific payoff.
caregiver_role:
- scaffold
- observer
activity_signature:
  observation_angle: emotion
  mechanic: care
  entity_role: catalyst
  focal_attribute: award_certificate
  intro: The child designs a paper award for someone they appreciate, using warm AI
    story framing and badge ideas without judging the final drawing.
  bridge_prerequisites:
    primary:
    - emotion
    secondary:
    - function
    - state
  preview_label: Award Certificate
  preview_prompt: Try Award Certificate with one short guided round.
  role_pivot_note: The workbook concept supplies the play frame; a photographed object
    may only act as a catalyst.
matchability:
  entity_class_filter: []
  tier_support:
    T0: true
    T1: true
    T2: true
source_workbook_row: 25
source_concept: source_award_certificate
