activity_id: concept_vegetable_sort_sort
version: 1
template_type: cat1
pillar: Discovery
game_style: field_experiment
entity: workbook_source_concept
entity_class:
- activity_concept
entity_binding: agnostic
tier_range:
  primary: T1
  span:
  - T0
  - T1
  elasticity: Can simplify language and reduce rounds for younger children.
category: cat1
attributes:
- vegetable_sort
- sort
key_concepts:
- Form
related_concepts:
- evidence
- choice
- sequence
- reflection
atl_skills:
- classification
- observation
- language_expression
transdisciplinary_theme: How We Express Ourselves
kud:
  know:
  - The child knows the activity rule and one source-specific cue.
  understand:
  - The child understands that their action affects the next beat.
  do:
  - The child practices sort through short guided turns.
progression:
  topic_axis: form
  difficulty_level: 2
  next_step_hint: Repeat with a new topic while preserving the same mechanic.
  reward_hook: Saved turns reveal a source-specific payoff.
caregiver_role:
- observer
activity_signature:
  observation_angle: state
  mechanic: sort
  entity_role: catalyst
  focal_attribute: vegetable_sort
  intro: The child sorts vegetable cards or photographed vegetables by a visible or
    meaningful rule.
  bridge_prerequisites:
    primary:
    - state
    secondary:
    - function
    - state
  preview_label: Vegetable Sort
  preview_prompt: Try Vegetable Sort with one short guided round.
  role_pivot_note: The workbook concept supplies the play frame; a photographed object
    may only act as a catalyst.
matchability:
  entity_class_filter: []
  tier_support:
    T0: true
    T1: true
    T2: true
source_workbook_row: 27
source_concept: source_vegetable_sort
