activity_id: concept_word_build_guess_probe
version: 1
source_entity_exemplar: '{runtime_entity}'
template_type: cat1
pillar: Adventure
game_style: time_traveler
entity: '{runtime_entity_or_mode_topic}'
entity_class: []
entity_binding: agnostic
tier_range:
  primary: T1
  span:
  - T1
  - T2
  elasticity: '+1'
category: word_build_guess
attributes:
- word_build_guess
- function
key_concepts:
- Perspective
- Function
related_concepts:
- evidence
- choice
- progress
- reflection
atl_skills:
- decision_making
- language_expression
- logical_reasoning
transdisciplinary_theme: How_We_Express_Ourselves
subject_tags:
- language
- thinking
kud:
  know:
  - one safe action or visible cue can guide the next activity step
  - progress can be represented as a small sequence of choices or actions
  understand:
  - Perspective helps the child choose a clue path and explain why
  - Function connects each clue or letter to the revealed word
  do:
  - complete three decide rounds
  - explain one reason or observation
  - reflect on the final result
progression:
  topic_axis: perspective
  difficulty_level: 2
  next_step_hint: Repeat the same mechanic with a new theme, property, or approved asset set.
  reward_hook: Earned the Word Build Guess badge
caregiver_role:
- observer
- co-explorer
activity_signature:
  observation_angle: function
  mechanic: decide
  entity_role: catalyst
  focal_attribute: word_build_guess
  intro: The child completes three decide rounds for Word Build Guess and reflects on the result.
  bridge_prerequisites:
    primary:
    - function
    secondary:
    - function
    - state
  preview_label: Word Build Guess
  preview_prompt: Try Word Build Guess with one small choice at a time.
  role_pivot_note: The runtime entity or mode topic launches a reusable source-concept activity; no entity-specific factual
    claim is required.
matchability:
  entity_class_filter: []
  tier_support:
    T0: false
    T1: true
    T2: true
