activity_id: concept_guess_in_10_deduce
version: 1
source_entity_exemplar: duck
template_type: cat1
pillar: Mystery
game_style: mystery_lens

entity: common_animal_or_object
entity_class: [animal, object]
entity_binding: agnostic
tier_range:
  primary: T1
  span: [T0, T1, T2]
  elasticity: "+/-1"

category: guessing_game
attributes: [function_clues, form_clues, behavior_clues]
key_concepts: [Function, Form]
related_concepts: [evidence, clues, inference, mystery]
atl_skills: [logical_reasoning, observation, language_expression]
transdisciplinary_theme: How_The_World_Works
subject_tags: [science, language]

kud:
  know:
    - "clues can describe function, form, or behavior"
    - "new evidence can change a guess"
    - "a reveal checks whether the evidence fits"
  understand:
    - "Function clues help us infer what something does"
    - "Form clues help us infer what something is like"
  do:
    - "listen to progressive clues"
    - "guess from evidence"
    - "revise or explain a guess after new clues"

progression:
  topic_axis: function
  difficulty_level: 2
  next_step_hint: "Next time, ask the child to explain which clue helped most."
  reward_hook: "Earned the Clue Detective badge"

caregiver_role: [scaffold, co-explorer]

activity_signature:
  observation_angle: function
  mechanic: deduce
  entity_role: catalyst
  bridge_prerequisites:
    primary: [function, behavior]
    secondary: [shape, mystery]
  focal_attribute: "clue_evidence"
  intro: "The child uses progressive clues to infer a hidden animal or object."
  preview_label: "Solve the clue mystery"
  preview_prompt: "Let's solve a mystery with clues, guesses, and a reveal."
  role_pivot_note: "The starting photo or mode only launches the mystery; the hidden answer is selected from common safe animals or objects."

matchability:
  entity_class_filter: []
  tier_support:
    T0: true
    T1: true
    T2: true
