activity_id: concept_story_unlock_probe
version: 1
template_type: cat1
pillar: Adventure
game_style: time_traveler
entity: workbook_source_concept
entity_class:
- activity_concept
entity_binding: agnostic
tier_range:
  primary: T1
  span:
  - T0
  - T1
  elasticity: Can simplify language and reduce rounds for younger children.
category: cat1
attributes:
- story_challenge_unlock
- imagine
key_concepts:
- Form
- Perspective
related_concepts:
- evidence
- choice
- sequence
- reflection
atl_skills:
- imagination
- observation
- language_expression
transdisciplinary_theme: How We Express Ourselves
kud:
  know:
  - The child knows the activity rule and one source-specific cue.
  understand:
  - The child understands that their action affects the next beat.
  do:
  - The child practices imagine through short guided turns.
progression:
  topic_axis: perspective
  difficulty_level: 2
  next_step_hint: Repeat with a new topic while preserving the same mechanic.
  reward_hook: Saved turns reveal a source-specific payoff.
caregiver_role:
- observer
activity_signature:
  observation_angle: behavior
  mechanic: imagine
  entity_role: catalyst
  focal_attribute: story_challenge_unlock
  intro: The AI tells a fixed story, pauses at challenge gates, and unlocks the next
    story beat only after the child completes each quick challenge.
  bridge_prerequisites:
    primary:
    - behavior
    secondary:
    - function
    - state
  preview_label: Story Challenge Unlock
  preview_prompt: Try Story Challenge Unlock with one short guided round.
  role_pivot_note: The workbook concept supplies the play frame; a photographed object
    may only act as a catalyst.
matchability:
  entity_class_filter: []
  tier_support:
    T0: true
    T1: true
    T2: true
source_workbook_row: 7
source_concept: source_story_challenge_unlock
