activity_id: concept_animal_sound_motion_voice
version: 1
template_type: cat1
pillar: Performance
game_style: voice_stage
entity: workbook_source_concept
entity_class:
- activity_concept
entity_binding: agnostic
tier_range:
  primary: T1
  span:
  - T0
  - T1
  elasticity: Can simplify language and reduce rounds for younger children.
category: cat1
attributes:
- animal_sound_imitation
- motion_voice
key_concepts:
- Form
- Perspective
related_concepts:
- evidence
- choice
- sequence
- reflection
atl_skills:
- language_expression
- observation
- language_expression
transdisciplinary_theme: How We Express Ourselves
kud:
  know:
  - The child knows the activity rule and one source-specific cue.
  understand:
  - The child understands that their action affects the next beat.
  do:
  - The child practices motion_voice through short guided turns.
progression:
  topic_axis: perspective
  difficulty_level: 2
  next_step_hint: Repeat with a new topic while preserving the same mechanic.
  reward_hook: Saved turns reveal a source-specific payoff.
caregiver_role:
- observer
activity_signature:
  observation_angle: behavior
  mechanic: motion_voice
  entity_role: catalyst
  focal_attribute: animal_sound_imitation
  intro: The AI prompts a familiar animal, and the child imitates its sound or speaks
    in the animal role.
  bridge_prerequisites:
    primary:
    - behavior
    secondary:
    - function
    - state
  preview_label: Animal Sound Imitation
  preview_prompt: Try Animal Sound Imitation with one short guided round.
  role_pivot_note: The workbook concept supplies the play frame; a photographed object
    may only act as a catalyst.
matchability:
  entity_class_filter: []
  tier_support:
    T0: true
    T1: true
    T2: true
source_workbook_row: 13
source_concept: source_animal_sound_imitation
response_verification:
  type: transcript_token_match
  evidence_source: stt_transcript
  required: true
  speaker_dialogue_mode: bounded_package
  dialogue_contract:
    type: animal_sound_sequence
    transitions:
      rules_to_first:
        intent: Move from the rules into the first animal turn. Ask for one tiny rabbit sniff.
        fallback: Rabbit first. Try one tiny sniff.
        must_include: [first_animal_sound_question]
        must_not_include: [readiness_question, extra_explanation]
        max_sentences: 2
      correct_to_next:
        intent: Briefly accept the child animal sound, then ask for the next animal sound from the active next-round prompt.
        fallback: Nice sound. Try the next animal sound.
        must_include: [brief_acceptance, next_animal_sound_question]
        must_not_include: [extra_explanation, readiness_question]
        max_sentences: 2
      correct_to_finish:
        intent: Briefly accept the puppy sound and move to saving the three animal sounds.
        fallback: Nice puppy sound. Save the three animal sounds.
        must_include: [brief_acceptance, save_three_sounds]
        must_not_include: [new_animal_prompt, readiness_question]
        max_sentences: 2
      retry_wrong:
        intent: Stay with the current animal and ask for one small sound from that animal only.
        fallback: Stay with this animal. Try one small animal sound.
        must_include: [current_animal_retry]
        must_not_include: [next_animal, extra_explanation]
        max_sentences: 2
      idk_scaffold:
        intent: Give one tiny sound model for the current animal and invite the child to try it.
        fallback: Try one tiny sound for this animal.
        must_include: [tiny_sound_try]
        must_not_include: [next_animal, extra_explanation]
        max_sentences: 2
      off_topic_redirect:
        intent: Redirect back to the current animal and ask for one small sound.
        fallback: Back to this animal. Try one small sound.
        must_include: [current_animal_redirect]
        must_not_include: [next_animal, unrelated_topic]
        max_sentences: 2
  applies_to_steps:
    - STEP_3_ROUND_1
    - STEP_3_ROUND_2
    - STEP_3_ROUND_3
  rounds:
    - round_number: 1
      step: STEP_3_ROUND_1
      target_id: rabbit
      target_label: rabbit
      accepted_tokens: [rabbit, bunny, sniff, sniffle, squeak]
      accepted_role_lines: [i am a rabbit, "i'm a rabbit", little rabbit, quiet rabbit]
      success_direction: 'Say exactly: "Good rabbit turn. Now try one soft cat meow."'
      retry_direction: 'Say exactly: "Stay with the rabbit. Try one tiny rabbit sniff."'
    - round_number: 2
      step: STEP_3_ROUND_2
      target_id: cat
      target_label: cat
      accepted_tokens: [cat, kitty, kitten, meow, miaow, mew, purr]
      accepted_role_lines: [i am a cat, "i'm a cat", sleepy cat, soft meow, happy meow]
      success_direction: 'Say exactly: "Good cat turn. Now try one friendly puppy woof."'
      retry_direction: 'Say exactly: "Stay with the cat. Try one soft meow."'
    - round_number: 3
      step: STEP_3_ROUND_3
      target_id: puppy
      target_label: puppy
      accepted_tokens: [puppy, dog, doggy, woof, bark, arf, ruff, bowwow]
      accepted_role_lines: [i am a puppy, "i'm a puppy", good puppy, friendly puppy]
      success_direction: 'Say exactly: "Good puppy turn. Save the three animal sounds."'
      retry_direction: 'Say exactly: "Stay with the puppy. Try one friendly woof."'
