activity_id: concept_award_certificate_probe
version: 1
source_entity_exemplar: '{runtime_entity}'
template_type: cat3
pillar: Discovery
game_style: field_experiment
entity: '{runtime_entity_or_mode_topic}'
entity_class: []
entity_binding: agnostic
tier_range:
  primary: T1
  span:
  - T1
  - T2
  elasticity: '+1'
category: award_certificate
attributes:
- award_certificate
- function
key_concepts:
- Responsibility
- Perspective
related_concepts:
- evidence
- choice
- progress
- reflection
atl_skills:
- empathy
- perspective_taking
- language_expression
transdisciplinary_theme: How_We_Express_Ourselves
subject_tags:
- language
- thinking
kud:
  know:
  - one safe action or visible cue can guide the next activity step
  - progress can be represented as a small sequence of choices or actions
  understand:
  - Responsibility helps focus attention
  - Perspective connects the child's action to the final result
  do:
  - choose someone to appreciate
  - select a positive award reason
  - draw or design a simple certificate
progression:
  topic_axis: responsibility
  difficulty_level: 2
  next_step_hint: Repeat the same appreciation mechanic with a new honoree or award reason.
  reward_hook: Earned the Award Certificate badge
caregiver_role:
- scaffold
- co-explorer
activity_signature:
  observation_angle: function
  mechanic: care
  entity_role: catalyst
  focal_attribute: award_certificate
  intro: The child chooses a honoree, selects a kind reason, and draws or designs a simple certificate.
  bridge_prerequisites:
    primary:
    - function
    secondary:
    - function
    - state
  preview_label: Award Certificate
  preview_prompt: Choose a honoree, pick a kind reason, and make a simple certificate.
  role_pivot_note: The runtime entity or mode topic launches a reusable source-concept activity; no entity-specific factual
    claim is required.
matchability:
  entity_class_filter: []
  tier_support:
    T0: false
    T1: true
    T2: true
