activity_id: concept_coloring_game_probe
version: 1
source_entity_exemplar: '{runtime_entity}'
template_type: cat5
pillar: Creation
game_style: inventor_workshop
entity: '{runtime_entity_or_mode_topic}'
entity_class: []
entity_binding: agnostic
tier_range:
  primary: T1
  span:
  - T1
  - T2
  elasticity: '+1'
category: coloring_game
attributes:
- coloring_game
- function
key_concepts:
- Function
- Change
related_concepts:
- evidence
- choice
- progress
- reflection
atl_skills:
- creative_thinking
- planning
- language_expression
transdisciplinary_theme: How_We_Express_Ourselves
subject_tags:
- language
- thinking
kud:
  know:
  - one safe action or visible cue can guide the next activity step
  - progress can be represented as a small sequence of choices or actions
  understand:
  - Function helps focus attention
  - Change connects the child's action to the final result
  do:
  - choose a safe photographed coloring subject
  - assign real-world colors to named regions
  - explain the finished palette or no-image color plan
progression:
  topic_axis: change
  difficulty_level: 2
  next_step_hint: Repeat the same coloring mechanic with a new safe object and color source.
  reward_hook: Earned the Palette Builder badge
caregiver_role:
- observer
- co-explorer
activity_signature:
  observation_angle: function
  mechanic: build
  entity_role: catalyst
  focal_attribute: coloring_game
  intro: The child uses a photographed subject and real-world colors to build a coloring page or honest color plan.
  bridge_prerequisites:
    primary:
    - function
    secondary:
    - function
    - state
  preview_label: Coloring Game
  preview_prompt: Pick a safe photo, choose colors from real objects, and assign them to regions.
  role_pivot_note: The runtime entity or mode topic launches a reusable source-concept activity; no entity-specific factual
    claim is required.
matchability:
  entity_class_filter: []
  tier_support:
    T0: false
    T1: true
    T2: true
