activity_id: concept_constellation_star_count_enumerate
version: 1
template_type: cat1
pillar: Adventure
game_style: time_traveler
entity: approved constellation count card
entity_class: &id001
- constellation
- reference_chart
entity_binding: bound
source_entity_exemplar: approved constellation count card
tier_range:
  primary: T1
  span:
  - T1
  elasticity: fixed source-intent pilot scope
category: cat1
attributes:
- quantity
- pattern
- real reference
key_concepts:
- Form
- Perspective
related_concepts:
- quantity
- source fidelity
- background information
atl_skills:
- choosing
- observing
- listening
transdisciplinary_theme: How the world works
kud:
  know:
  - approved constellation count card can be explored through selected number reveals
    a matching real constellation card.
  understand:
  - The child role, device role, sequence, evidence source, and context promise must
    stay connected.
  do:
  - Respond with the promised choice, observation, capture, explanation, or material
    action.
progression:
  topic_axis: form
  difficulty_level: 1
  next_step_hint: Scale only after source-intent audit, asset validation, and downstream
    conversion pass.
  reward_hook: Sky Number Keeper
caregiver_role:
- observer
activity_signature:
  observation_angle: quantity
  mechanic: enumerate
  entity_role: reference
  focal_attribute: selected number reveals a matching real constellation card
  intro: The child chooses between two numbers, then the device reveals a real approved
    constellation card matching that count and gives background information.
  bridge_prerequisites:
    primary:
    - quantity
    secondary:
    - quantity
    - source fidelity
    - background information
  preview_label: Constellation number door
  preview_prompt: Choose 5 or 7, reveal the real matching constellation, and hear
    one fact.
  role_pivot_note: No role pivot unless the source explicitly assigns the child a
    role.
matchability:
  entity_class_filter: *id001
  tier_support:
    T0: false
    T1: true
    T2: false
