activity_id: concept_color_famous_art_probe
version: 1
template_type: cat1
pillar: Discovery
game_style: field_experiment
entity: workbook_source_concept
entity_class:
- activity_concept
entity_binding: agnostic
tier_range:
  primary: T1
  span:
  - T0
  - T1
  elasticity: Can simplify language and reduce rounds for younger children.
category: cat1
attributes:
- color_in_famous_art
- enumerate
key_concepts:
- Form
related_concepts:
- evidence
- choice
- sequence
- reflection
atl_skills:
- counting
- observation
- language_expression
transdisciplinary_theme: How We Express Ourselves
kud:
  know:
  - The child knows the activity rule and one source-specific cue.
  understand:
  - The child understands that their action affects the next beat.
  do:
  - The child practices enumerate through short guided turns.
progression:
  topic_axis: form
  difficulty_level: 2
  next_step_hint: Repeat with a new topic while preserving the same mechanic.
  reward_hook: Saved turns reveal a source-specific payoff.
caregiver_role:
- observer
activity_signature:
  observation_angle: color
  mechanic: enumerate
  entity_role: catalyst
  focal_attribute: color_in_famous_art
  intro: The child photographs or names a real-world color, then sees several approved
    artworks where that color is dominant or important.
  bridge_prerequisites:
    primary:
    - color
    secondary:
    - function
    - state
  preview_label: Color In Famous Art
  preview_prompt: Try Color In Famous Art with one short guided round.
  role_pivot_note: The workbook concept supplies the play frame; a photographed object
    may only act as a catalyst.
matchability:
  entity_class_filter: []
  tier_support:
    T0: true
    T1: true
    T2: true
source_workbook_row: 35
source_concept: source_color_in_famous_art
