activity_id: concept_emotion_color_outfit_probe
version: 1
template_type: cat1
pillar: Nurture
game_style: care_station
entity: workbook_source_concept
entity_class:
- activity_concept
entity_binding: agnostic
tier_range:
  primary: T1
  span:
  - T0
  - T1
  elasticity: Can simplify language and reduce rounds for younger children.
category: cat1
attributes:
- emotion_color_outfit
- care
key_concepts:
- Form
- Responsibility
related_concepts:
- evidence
- choice
- sequence
- reflection
atl_skills:
- empathy
- observation
- language_expression
transdisciplinary_theme: How We Express Ourselves
kud:
  know:
  - The child knows the activity rule and one source-specific cue.
  understand:
  - The child understands that their action affects the next beat.
  do:
  - The child practices care through short guided turns.
progression:
  topic_axis: responsibility
  difficulty_level: 2
  next_step_hint: Repeat with a new topic while preserving the same mechanic.
  reward_hook: Saved turns reveal a source-specific payoff.
caregiver_role:
- observer
activity_signature:
  observation_angle: emotion
  mechanic: care
  entity_role: catalyst
  focal_attribute: emotion_color_outfit
  intro: The child uses colors to represent feelings, then sees or imagines a character
    outfit matching that feeling.
  bridge_prerequisites:
    primary:
    - emotion
    secondary:
    - function
    - state
  preview_label: Emotion Color Outfit
  preview_prompt: Try Emotion Color Outfit with one short guided round.
  role_pivot_note: The workbook concept supplies the play frame; a photographed object
    may only act as a catalyst.
matchability:
  entity_class_filter: []
  tier_support:
    T0: true
    T1: true
    T2: true
source_workbook_row: 17
source_concept: source_emotion_color_outfit
