# ─── §0 · IDENTITY ────────────────────────────────────
activity_id: polka_dot_patrol
version: 1
source_entity_exemplar: polka_dots
template_type: cat5
pillar: Adventure
game_style: quest_collector

# ─── §1 · IB FRAME ────────────────────────────────────
entity: "{target_pattern_property}"
entity_class: []
entity_binding: parameterized
entity_compatibility: agnostic
tier_range:
  primary: T1
  span: [T0, T1, T2]
  elasticity: "±1"

category: objects
attributes: [polka_dots, stripes, spots, lines, circles, pattern]

key_concepts: [Form, Connection]
related_concepts: [pattern, observation, similarity, difference]
atl_skills: [observation, pattern_recognition, evidence_collection, classification]
transdisciplinary_theme: How_We_Express_Ourselves

kud:
  know:       ["patterns can be made from repeated dots, spots, lines, or stripes", "the same pattern can appear on different objects"]
  understand: ["the same pattern property can look different across examples"]
  do:         ["choose 3 catalog cards that share the target pattern", "explain the visible pattern evidence", "turn the chosen cards into a patrol story"]

progression:
  topic_axis: form
  difficulty_level: 2
  next_step_hint: "Next time, compare another pattern set such as dots, stripes, or zigzags"
  reward_hook: "Earned the Pattern Patrol badge"

caregiver_role: [scaffold, co-explorer]

# ─── §2 · ACTIVITY SIGNATURE ───────────────────────────
activity_signature:
  # ── Layer 1: editorial identity (fixed; matcher reads these) ──
  observation_angle: pattern
  mechanic: collect
  entity_role: exemplar
  bridge_prerequisites:
    primary:   [pattern]
    secondary: [color, shape]

  # ── Layer 2: presentation (author templates; runtime renders) ──
  focal_attribute: "target_pattern_property"
  intro: "The child patrols a catalog looking for three cards that match the target pattern property, then turns them into a patrol parade."
  preview_label:  "Find three matching pattern cards!"
  preview_prompt: "Today's patrol clue is {pattern_label}. Let's find three cards that show that pattern."
  role_pivot_note: |
    The handoff property becomes the patrol clue. The runtime must choose an
    approved catalog for {target_pattern_property}; the demo must not claim
    arbitrary real-camera pattern verification.

# ─── §3 · MATCHABILITY (from 2026-04-20 spec) ─────────
matchability:
  entity_class_filter: []
  tier_support: {T0: yes, T1: yes, T2: yes}
